
Microsoft Visual Studio Solution File, Format Version 11.00
# Visual Studio 2010
Project("{FAE04EC0-301F-11D3-BF4B-00C04F79EFBC}") = "Banshee.Renamer", "Banshee.Renamer.csproj", "{F7570E5E-831E-49CC-B8F6-B3C185E850DF}"
EndProject
Global
	GlobalSection(SolutionConfigurationPlatforms) = preSolution
		Debug|Any CPU = Debug|Any CPU
		Release|Any CPU = Release|Any CPU
	EndGlobalSection
	GlobalSection(ProjectConfigurationPlatforms) = postSolution
		{F7570E5E-831E-49CC-B8F6-B3C185E850DF}.Debug|Any CPU.ActiveCfg = Debug|Any CPU
		{F7570E5E-831E-49CC-B8F6-B3C185E850DF}.Debug|Any CPU.Build.0 = Debug|Any CPU
		{F7570E5E-831E-49CC-B8F6-B3C185E850DF}.Release|Any CPU.ActiveCfg = Release|Any CPU
		{F7570E5E-831E-49CC-B8F6-B3C185E850DF}.Release|Any CPU.Build.0 = Release|Any CPU
	EndGlobalSection
	GlobalSection(MonoDevelopProperties) = preSolution
		StartupItem = Banshee.Renamer.csproj
	EndGlobalSection
EndGlobal
